
Microsoft Visual Studio Solution File, Format Version 12.00
# Visual Studio Version 16
VisualStudioVersion = 16.0.31624.102
MinimumVisualStudioVersion = 10.0.40219.1
Project("{FAE04EC0-301F-11D3-BF4B-00C04F79EFBC}") = "cSharp", "cSharp\cSharp.csproj", "{7AE91592-EABD-4DAB-AEF9-EFA067E0D813}"
EndProject
Global
	GlobalSection(SolutionConfigurationPlatforms) = preSolution
		Debug|Any CPU = Debug|Any CPU
		Release|Any CPU = Release|Any CPU
	EndGlobalSection
	GlobalSection(ProjectConfigurationPlatforms) = postSolution
		{7AE91592-EABD-4DAB-AEF9-EFA067E0D813}.Debug|Any CPU.ActiveCfg = Debug|Any CPU
		{7AE91592-EABD-4DAB-AEF9-EFA067E0D813}.Debug|Any CPU.Build.0 = Debug|Any CPU
		{7AE91592-EABD-4DAB-AEF9-EFA067E0D813}.Release|Any CPU.ActiveCfg = Release|Any CPU
		{7AE91592-EABD-4DAB-AEF9-EFA067E0D813}.Release|Any CPU.Build.0 = Release|Any CPU
	EndGlobalSection
	GlobalSection(SolutionProperties) = preSolution
		HideSolutionNode = FALSE
	EndGlobalSection
	GlobalSection(ExtensibilityGlobals) = postSolution
		SolutionGuid = {F7AA2308-B42F-4490-A9E0-385487D727A9}
	EndGlobalSection
EndGlobal
